
Microsoft Visual Studio Solution File, Format Version 12.00
# Visual Studio Version 17
VisualStudioVersion = 17.5.002.0
MinimumVisualStudioVersion = 10.0.40219.1
Project("{9A19103F-16F7-4668-BE54-9A1E7A4F7556}") = "BlazorDemo", "BlazorDemo.csproj", "{5C6A41BB-2B80-4FE4-9EB2-C05F5819EC3C}"
EndProject
Global
	GlobalSection(SolutionConfigurationPlatforms) = preSolution
		Debug|Any CPU = Debug|Any CPU
		Release|Any CPU = Release|Any CPU
	EndGlobalSection
	GlobalSection(ProjectConfigurationPlatforms) = postSolution
		{5C6A41BB-2B80-4FE4-9EB2-C05F5819EC3C}.Debug|Any CPU.ActiveCfg = Debug|Any CPU
		{5C6A41BB-2B80-4FE4-9EB2-C05F5819EC3C}.Debug|Any CPU.Build.0 = Debug|Any CPU
		{5C6A41BB-2B80-4FE4-9EB2-C05F5819EC3C}.Release|Any CPU.ActiveCfg = Release|Any CPU
		{5C6A41BB-2B80-4FE4-9EB2-C05F5819EC3C}.Release|Any CPU.Build.0 = Release|Any CPU
	EndGlobalSection
	GlobalSection(SolutionProperties) = preSolution
		HideSolutionNode = FALSE
	EndGlobalSection
	GlobalSection(ExtensibilityGlobals) = postSolution
		SolutionGuid = {A1BE90CD-5762-45D3-97F7-7AF091484752}
	EndGlobalSection
EndGlobal
